
Microsoft Visual Studio Solution File, Format Version 12.00
# Visual Studio Version 16
VisualStudioVersion = 16.0.29609.76
MinimumVisualStudioVersion = 10.0.40219.1
Project("{9A19103F-16F7-4668-BE54-9A1E7A4F7556}") = "CSharp", "CSharp.csproj", "{671604E5-2716-4E98-A669-4673628E0561}"
EndProject
Project("{9A19103F-16F7-4668-BE54-9A1E7A4F7556}") = "StringTypes", "..\StringTypes\StringTypes.csproj", "{891E004B-E159-418C-B5B8-0BAD3E66D2FB}"
EndProject
Project("{9A19103F-16F7-4668-BE54-9A1E7A4F7556}") = "ConversionImptoExp", "..\ConversionImptoExp\ConversionImptoExp.csproj", "{C35A97DE-DD13-4E2F-8459-4A9CBA14B0ED}"
EndProject
Project("{9A19103F-16F7-4668-BE54-9A1E7A4F7556}") = "AbstractClass", "..\InterfaceAndAbstract\AbstractClass.csproj", "{ED48E216-38E7-4089-9363-7015E35771F9}"
EndProject
Project("{9A19103F-16F7-4668-BE54-9A1E7A4F7556}") = "InterfaceCSharp", "..\InterfaceCSharp\InterfaceCSharp.csproj", "{6BC48243-F171-48AB-A7F4-DAB10D4F01DC}"
EndProject
Project("{9A19103F-16F7-4668-BE54-9A1E7A4F7556}") = "9Array", "..\9Array\9Array.csproj", "{F663E935-2B45-4F55-8994-30B829A3C023}"
EndProject
Project("{9A19103F-16F7-4668-BE54-9A1E7A4F7556}") = "10SwitchInCSharp", "..\10SwitchInCSharp\10SwitchInCSharp.csproj", "{F0B0C323-8E5F-47FB-A4EB-7FB050273FBD}"
EndProject
Project("{9A19103F-16F7-4668-BE54-9A1E7A4F7556}") = "Whileloop_Dowhile", "..\while\Whileloop_Dowhile.csproj", "{E58C6B4B-E9DC-4596-A203-D1240A823ABE}"
EndProject
Project("{9A19103F-16F7-4668-BE54-9A1E7A4F7556}") = "Calculater", "..\Calculater\Calculater.csproj", "{E65241D6-74BD-45B9-8E28-BA43C8B3C350}"
EndProject
Project("{9A19103F-16F7-4668-BE54-9A1E7A4F7556}") = "CSharpInheritance", "..\Directives\CSharpInheritance.csproj", "{82C8091F-3A33-405E-BB01-E2CA8131DC0F}"
EndProject
Project("{9A19103F-16F7-4668-BE54-9A1E7A4F7556}") = "Polymorphism", "..\Polymorphism\Polymorphism.csproj", "{A63AA624-3D63-4E96-A45F-3F999EF47B4C}"
EndProject
Project("{9A19103F-16F7-4668-BE54-9A1E7A4F7556}") = "DelegateInCSharp", "..\DelegateInCSharp\DelegateInCSharp.csproj", "{6219ED3F-A1F1-4D93-87D7-861A68204B33}"
EndProject
Project("{9A19103F-16F7-4668-BE54-9A1E7A4F7556}") = "DelegateAdvance", "..\DelegateAdvance\DelegateAdvance.csproj", "{23B8A97A-880E-4E72-B805-1532D03F9468}"
EndProject
Project("{9A19103F-16F7-4668-BE54-9A1E7A4F7556}") = "MultiCastDelegate", "..\MultiCastDelegate\MultiCastDelegate.csproj", "{0D402127-047C-4574-A33D-FF38B9BEDBB2}"
EndProject
Project("{9A19103F-16F7-4668-BE54-9A1E7A4F7556}") = "ExceptionHanding", "..\ExceptionHanding\ExceptionHanding.csproj", "{F66F13B0-8DD4-4F6A-9455-569ABA95B0AC}"
EndProject
Project("{9A19103F-16F7-4668-BE54-9A1E7A4F7556}") = "InnerException", "..\InnerException\InnerException.csproj", "{80719443-7150-479B-8EA3-F6FD117322C6}"
EndProject
Project("{9A19103F-16F7-4668-BE54-9A1E7A4F7556}") = "CustomExceptionClass", "..\CustomException\CustomExceptionClass.csproj", "{7993E092-BA86-4933-8B0F-9C4046D4C0C4}"
EndProject
Project("{9A19103F-16F7-4668-BE54-9A1E7A4F7556}") = "ExceptionHandlingAbuse", "..\ExceptionHandlingAbuse\ExceptionHandlingAbuse.csproj", "{EB6188B2-67DE-4358-89A1-5AE60FFA2BE3}"
EndProject
Project("{9A19103F-16F7-4668-BE54-9A1E7A4F7556}") = "WhyEnum", "..\WhyEnum\WhyEnum.csproj", "{03FD0CFE-938B-4174-ADDE-66B693205079}"
EndProject
Project("{9A19103F-16F7-4668-BE54-9A1E7A4F7556}") = "Enums", "..\Enums\Enums.csproj", "{13764086-50CD-459C-B16B-D218BB56F26F}"
EndProject
Project("{9A19103F-16F7-4668-BE54-9A1E7A4F7556}") = "EnumExamp", "..\EnumExamp\EnumExamp.csproj", "{31D541A9-B026-4115-8AB9-1CA6602047C1}"
EndProject
Project("{9A19103F-16F7-4668-BE54-9A1E7A4F7556}") = "TypeAndFied", "..\TypeAndFied\TypeAndFied.csproj", "{72D57DCE-7E19-4C71-B493-DCCE8644D933}"
EndProject
Project("{9A19103F-16F7-4668-BE54-9A1E7A4F7556}") = "ProtectedUse", "..\ProtectedUse\ProtectedUse.csproj", "{9B5D6CD0-0E3C-4355-BF2B-2CBEF1CC43CB}"
EndProject
Project("{9A19103F-16F7-4668-BE54-9A1E7A4F7556}") = "ClassLibrary1", "..\ClassLibrary1\ClassLibrary1.csproj", "{EDB747AE-2D06-456D-8BBD-232AB3F1F23E}"
EndProject
Project("{9A19103F-16F7-4668-BE54-9A1E7A4F7556}") = "ClassLibrary2", "..\ClassLibrary2\ClassLibrary2.csproj", "{FAFA1880-EE4B-4E9B-ACDA-DB77EE6CF95C}"
EndProject
Project("{9A19103F-16F7-4668-BE54-9A1E7A4F7556}") = "OptionalParam", "..\OptionalParam\OptionalParam.csproj", "{2EF4973D-E3B4-48E4-8C46-8DE34EC95AD6}"
EndProject
Project("{9A19103F-16F7-4668-BE54-9A1E7A4F7556}") = "OptionalParamUsing", "..\OptionalParamUsing\OptionalParamUsing.csproj", "{AE24B77E-94B4-4F1B-A863-8E52BE6A8F3D}"
EndProject
Project("{9A19103F-16F7-4668-BE54-9A1E7A4F7556}") = "OptionalParamAttribute", "..\OptionalAttribute\OptionalParamAttribute.csproj", "{A09BF9EE-0F80-4436-9D25-32782C729DB8}"
EndProject
Project("{FAE04EC0-301F-11D3-BF4B-00C04F79EFBC}") = "GenericExample", "..\GenericExample\GenericExample.csproj", "{785E2BA4-7BA6-43FB-B4EC-44CDA15AF141}"
EndProject
Global
	GlobalSection(SolutionConfigurationPlatforms) = preSolution
		Debug|Any CPU = Debug|Any CPU
		Release|Any CPU = Release|Any CPU
	EndGlobalSection
	GlobalSection(ProjectConfigurationPlatforms) = postSolution
		{671604E5-2716-4E98-A669-4673628E0561}.Debug|Any CPU.ActiveCfg = Debug|Any CPU
		{671604E5-2716-4E98-A669-4673628E0561}.Debug|Any CPU.Build.0 = Debug|Any CPU
		{671604E5-2716-4E98-A669-4673628E0561}.Release|Any CPU.ActiveCfg = Release|Any CPU
		{671604E5-2716-4E98-A669-4673628E0561}.Release|Any CPU.Build.0 = Release|Any CPU
		{891E004B-E159-418C-B5B8-0BAD3E66D2FB}.Debug|Any CPU.ActiveCfg = Debug|Any CPU
		{891E004B-E159-418C-B5B8-0BAD3E66D2FB}.Debug|Any CPU.Build.0 = Debug|Any CPU
		{891E004B-E159-418C-B5B8-0BAD3E66D2FB}.Release|Any CPU.ActiveCfg = Release|Any CPU
		{891E004B-E159-418C-B5B8-0BAD3E66D2FB}.Release|Any CPU.Build.0 = Release|Any CPU
		{C35A97DE-DD13-4E2F-8459-4A9CBA14B0ED}.Debug|Any CPU.ActiveCfg = Debug|Any CPU
		{C35A97DE-DD13-4E2F-8459-4A9CBA14B0ED}.Debug|Any CPU.Build.0 = Debug|Any CPU
		{C35A97DE-DD13-4E2F-8459-4A9CBA14B0ED}.Release|Any CPU.ActiveCfg = Release|Any CPU
		{C35A97DE-DD13-4E2F-8459-4A9CBA14B0ED}.Release|Any CPU.Build.0 = Release|Any CPU
		{ED48E216-38E7-4089-9363-7015E35771F9}.Debug|Any CPU.ActiveCfg = Debug|Any CPU
		{ED48E216-38E7-4089-9363-7015E35771F9}.Debug|Any CPU.Build.0 = Debug|Any CPU
		{ED48E216-38E7-4089-9363-7015E35771F9}.Release|Any CPU.ActiveCfg = Release|Any CPU
		{ED48E216-38E7-4089-9363-7015E35771F9}.Release|Any CPU.Build.0 = Release|Any CPU
		{6BC48243-F171-48AB-A7F4-DAB10D4F01DC}.Debug|Any CPU.ActiveCfg = Debug|Any CPU
		{6BC48243-F171-48AB-A7F4-DAB10D4F01DC}.Debug|Any CPU.Build.0 = Debug|Any CPU
		{6BC48243-F171-48AB-A7F4-DAB10D4F01DC}.Release|Any CPU.ActiveCfg = Release|Any CPU
		{6BC48243-F171-48AB-A7F4-DAB10D4F01DC}.Release|Any CPU.Build.0 = Release|Any CPU
		{F663E935-2B45-4F55-8994-30B829A3C023}.Debug|Any CPU.ActiveCfg = Debug|Any CPU
		{F663E935-2B45-4F55-8994-30B829A3C023}.Debug|Any CPU.Build.0 = Debug|Any CPU
		{F663E935-2B45-4F55-8994-30B829A3C023}.Release|Any CPU.ActiveCfg = Release|Any CPU
		{F663E935-2B45-4F55-8994-30B829A3C023}.Release|Any CPU.Build.0 = Release|Any CPU
		{F0B0C323-8E5F-47FB-A4EB-7FB050273FBD}.Debug|Any CPU.ActiveCfg = Debug|Any CPU
		{F0B0C323-8E5F-47FB-A4EB-7FB050273FBD}.Debug|Any CPU.Build.0 = Debug|Any CPU
		{F0B0C323-8E5F-47FB-A4EB-7FB050273FBD}.Release|Any CPU.ActiveCfg = Release|Any CPU
		{F0B0C323-8E5F-47FB-A4EB-7FB050273FBD}.Release|Any CPU.Build.0 = Release|Any CPU
		{E58C6B4B-E9DC-4596-A203-D1240A823ABE}.Debug|Any CPU.ActiveCfg = Debug|Any CPU
		{E58C6B4B-E9DC-4596-A203-D1240A823ABE}.Debug|Any CPU.Build.0 = Debug|Any CPU
		{E58C6B4B-E9DC-4596-A203-D1240A823ABE}.Release|Any CPU.ActiveCfg = Release|Any CPU
		{E58C6B4B-E9DC-4596-A203-D1240A823ABE}.Release|Any CPU.Build.0 = Release|Any CPU
		{E65241D6-74BD-45B9-8E28-BA43C8B3C350}.Debug|Any CPU.ActiveCfg = Debug|Any CPU
		{E65241D6-74BD-45B9-8E28-BA43C8B3C350}.Debug|Any CPU.Build.0 = Debug|Any CPU
		{E65241D6-74BD-45B9-8E28-BA43C8B3C350}.Release|Any CPU.ActiveCfg = Release|Any CPU
		{E65241D6-74BD-45B9-8E28-BA43C8B3C350}.Release|Any CPU.Build.0 = Release|Any CPU
		{82C8091F-3A33-405E-BB01-E2CA8131DC0F}.Debug|Any CPU.ActiveCfg = Debug|Any CPU
		{82C8091F-3A33-405E-BB01-E2CA8131DC0F}.Debug|Any CPU.Build.0 = Debug|Any CPU
		{82C8091F-3A33-405E-BB01-E2CA8131DC0F}.Release|Any CPU.ActiveCfg = Release|Any CPU
		{82C8091F-3A33-405E-BB01-E2CA8131DC0F}.Release|Any CPU.Build.0 = Release|Any CPU
		{A63AA624-3D63-4E96-A45F-3F999EF47B4C}.Debug|Any CPU.ActiveCfg = Debug|Any CPU
		{A63AA624-3D63-4E96-A45F-3F999EF47B4C}.Debug|Any CPU.Build.0 = Debug|Any CPU
		{A63AA624-3D63-4E96-A45F-3F999EF47B4C}.Release|Any CPU.ActiveCfg = Release|Any CPU
		{A63AA624-3D63-4E96-A45F-3F999EF47B4C}.Release|Any CPU.Build.0 = Release|Any CPU
		{6219ED3F-A1F1-4D93-87D7-861A68204B33}.Debug|Any CPU.ActiveCfg = Debug|Any CPU
		{6219ED3F-A1F1-4D93-87D7-861A68204B33}.Debug|Any CPU.Build.0 = Debug|Any CPU
		{6219ED3F-A1F1-4D93-87D7-861A68204B33}.Release|Any CPU.ActiveCfg = Release|Any CPU
		{6219ED3F-A1F1-4D93-87D7-861A68204B33}.Release|Any CPU.Build.0 = Release|Any CPU
		{23B8A97A-880E-4E72-B805-1532D03F9468}.Debug|Any CPU.ActiveCfg = Debug|Any CPU
		{23B8A97A-880E-4E72-B805-1532D03F9468}.Debug|Any CPU.Build.0 = Debug|Any CPU
		{23B8A97A-880E-4E72-B805-1532D03F9468}.Release|Any CPU.ActiveCfg = Release|Any CPU
		{23B8A97A-880E-4E72-B805-1532D03F9468}.Release|Any CPU.Build.0 = Release|Any CPU
		{0D402127-047C-4574-A33D-FF38B9BEDBB2}.Debug|Any CPU.ActiveCfg = Debug|Any CPU
		{0D402127-047C-4574-A33D-FF38B9BEDBB2}.Debug|Any CPU.Build.0 = Debug|Any CPU
		{0D402127-047C-4574-A33D-FF38B9BEDBB2}.Release|Any CPU.ActiveCfg = Release|Any CPU
		{0D402127-047C-4574-A33D-FF38B9BEDBB2}.Release|Any CPU.Build.0 = Release|Any CPU
		{F66F13B0-8DD4-4F6A-9455-569ABA95B0AC}.Debug|Any CPU.ActiveCfg = Debug|Any CPU
		{F66F13B0-8DD4-4F6A-9455-569ABA95B0AC}.Debug|Any CPU.Build.0 = Debug|Any CPU
		{F66F13B0-8DD4-4F6A-9455-569ABA95B0AC}.Release|Any CPU.ActiveCfg = Release|Any CPU
		{F66F13B0-8DD4-4F6A-9455-569ABA95B0AC}.Release|Any CPU.Build.0 = Release|Any CPU
		{80719443-7150-479B-8EA3-F6FD117322C6}.Debug|Any CPU.ActiveCfg = Debug|Any CPU
		{80719443-7150-479B-8EA3-F6FD117322C6}.Debug|Any CPU.Build.0 = Debug|Any CPU
		{80719443-7150-479B-8EA3-F6FD117322C6}.Release|Any CPU.ActiveCfg = Release|Any CPU
		{80719443-7150-479B-8EA3-F6FD117322C6}.Release|Any CPU.Build.0 = Release|Any CPU
		{7993E092-BA86-4933-8B0F-9C4046D4C0C4}.Debug|Any CPU.ActiveCfg = Debug|Any CPU
		{7993E092-BA86-4933-8B0F-9C4046D4C0C4}.Debug|Any CPU.Build.0 = Debug|Any CPU
		{7993E092-BA86-4933-8B0F-9C4046D4C0C4}.Release|Any CPU.ActiveCfg = Release|Any CPU
		{7993E092-BA86-4933-8B0F-9C4046D4C0C4}.Release|Any CPU.Build.0 = Release|Any CPU
		{EB6188B2-67DE-4358-89A1-5AE60FFA2BE3}.Debug|Any CPU.ActiveCfg = Debug|Any CPU
		{EB6188B2-67DE-4358-89A1-5AE60FFA2BE3}.Debug|Any CPU.Build.0 = Debug|Any CPU
		{EB6188B2-67DE-4358-89A1-5AE60FFA2BE3}.Release|Any CPU.ActiveCfg = Release|Any CPU
		{EB6188B2-67DE-4358-89A1-5AE60FFA2BE3}.Release|Any CPU.Build.0 = Release|Any CPU
		{03FD0CFE-938B-4174-ADDE-66B693205079}.Debug|Any CPU.ActiveCfg = Debug|Any CPU
		{03FD0CFE-938B-4174-ADDE-66B693205079}.Debug|Any CPU.Build.0 = Debug|Any CPU
		{03FD0CFE-938B-4174-ADDE-66B693205079}.Release|Any CPU.ActiveCfg = Release|Any CPU
		{03FD0CFE-938B-4174-ADDE-66B693205079}.Release|Any CPU.Build.0 = Release|Any CPU
		{13764086-50CD-459C-B16B-D218BB56F26F}.Debug|Any CPU.ActiveCfg = Debug|Any CPU
		{13764086-50CD-459C-B16B-D218BB56F26F}.Debug|Any CPU.Build.0 = Debug|Any CPU
		{13764086-50CD-459C-B16B-D218BB56F26F}.Release|Any CPU.ActiveCfg = Release|Any CPU
		{13764086-50CD-459C-B16B-D218BB56F26F}.Release|Any CPU.Build.0 = Release|Any CPU
		{31D541A9-B026-4115-8AB9-1CA6602047C1}.Debug|Any CPU.ActiveCfg = Debug|Any CPU
		{31D541A9-B026-4115-8AB9-1CA6602047C1}.Debug|Any CPU.Build.0 = Debug|Any CPU
		{31D541A9-B026-4115-8AB9-1CA6602047C1}.Release|Any CPU.ActiveCfg = Release|Any CPU
		{31D541A9-B026-4115-8AB9-1CA6602047C1}.Release|Any CPU.Build.0 = Release|Any CPU
		{72D57DCE-7E19-4C71-B493-DCCE8644D933}.Debug|Any CPU.ActiveCfg = Debug|Any CPU
		{72D57DCE-7E19-4C71-B493-DCCE8644D933}.Debug|Any CPU.Build.0 = Debug|Any CPU
		{72D57DCE-7E19-4C71-B493-DCCE8644D933}.Release|Any CPU.ActiveCfg = Release|Any CPU
		{72D57DCE-7E19-4C71-B493-DCCE8644D933}.Release|Any CPU.Build.0 = Release|Any CPU
		{9B5D6CD0-0E3C-4355-BF2B-2CBEF1CC43CB}.Debug|Any CPU.ActiveCfg = Debug|Any CPU
		{9B5D6CD0-0E3C-4355-BF2B-2CBEF1CC43CB}.Debug|Any CPU.Build.0 = Debug|Any CPU
		{9B5D6CD0-0E3C-4355-BF2B-2CBEF1CC43CB}.Release|Any CPU.ActiveCfg = Release|Any CPU
		{9B5D6CD0-0E3C-4355-BF2B-2CBEF1CC43CB}.Release|Any CPU.Build.0 = Release|Any CPU
		{EDB747AE-2D06-456D-8BBD-232AB3F1F23E}.Debug|Any CPU.ActiveCfg = Debug|Any CPU
		{EDB747AE-2D06-456D-8BBD-232AB3F1F23E}.Debug|Any CPU.Build.0 = Debug|Any CPU
		{EDB747AE-2D06-456D-8BBD-232AB3F1F23E}.Release|Any CPU.ActiveCfg = Release|Any CPU
		{EDB747AE-2D06-456D-8BBD-232AB3F1F23E}.Release|Any CPU.Build.0 = Release|Any CPU
		{FAFA1880-EE4B-4E9B-ACDA-DB77EE6CF95C}.Debug|Any CPU.ActiveCfg = Debug|Any CPU
		{FAFA1880-EE4B-4E9B-ACDA-DB77EE6CF95C}.Debug|Any CPU.Build.0 = Debug|Any CPU
		{FAFA1880-EE4B-4E9B-ACDA-DB77EE6CF95C}.Release|Any CPU.ActiveCfg = Release|Any CPU
		{FAFA1880-EE4B-4E9B-ACDA-DB77EE6CF95C}.Release|Any CPU.Build.0 = Release|Any CPU
		{2EF4973D-E3B4-48E4-8C46-8DE34EC95AD6}.Debug|Any CPU.ActiveCfg = Debug|Any CPU
		{2EF4973D-E3B4-48E4-8C46-8DE34EC95AD6}.Debug|Any CPU.Build.0 = Debug|Any CPU
		{2EF4973D-E3B4-48E4-8C46-8DE34EC95AD6}.Release|Any CPU.ActiveCfg = Release|Any CPU
		{2EF4973D-E3B4-48E4-8C46-8DE34EC95AD6}.Release|Any CPU.Build.0 = Release|Any CPU
		{AE24B77E-94B4-4F1B-A863-8E52BE6A8F3D}.Debug|Any CPU.ActiveCfg = Debug|Any CPU
		{AE24B77E-94B4-4F1B-A863-8E52BE6A8F3D}.Debug|Any CPU.Build.0 = Debug|Any CPU
		{AE24B77E-94B4-4F1B-A863-8E52BE6A8F3D}.Release|Any CPU.ActiveCfg = Release|Any CPU
		{AE24B77E-94B4-4F1B-A863-8E52BE6A8F3D}.Release|Any CPU.Build.0 = Release|Any CPU
		{A09BF9EE-0F80-4436-9D25-32782C729DB8}.Debug|Any CPU.ActiveCfg = Debug|Any CPU
		{A09BF9EE-0F80-4436-9D25-32782C729DB8}.Debug|Any CPU.Build.0 = Debug|Any CPU
		{A09BF9EE-0F80-4436-9D25-32782C729DB8}.Release|Any CPU.ActiveCfg = Release|Any CPU
		{A09BF9EE-0F80-4436-9D25-32782C729DB8}.Release|Any CPU.Build.0 = Release|Any CPU
		{785E2BA4-7BA6-43FB-B4EC-44CDA15AF141}.Debug|Any CPU.ActiveCfg = Debug|Any CPU
		{785E2BA4-7BA6-43FB-B4EC-44CDA15AF141}.Debug|Any CPU.Build.0 = Debug|Any CPU
		{785E2BA4-7BA6-43FB-B4EC-44CDA15AF141}.Release|Any CPU.ActiveCfg = Release|Any CPU
		{785E2BA4-7BA6-43FB-B4EC-44CDA15AF141}.Release|Any CPU.Build.0 = Release|Any CPU
	EndGlobalSection
	GlobalSection(SolutionProperties) = preSolution
		HideSolutionNode = FALSE
	EndGlobalSection
	GlobalSection(ExtensibilityGlobals) = postSolution
		SolutionGuid = {CA86C8D7-39A8-4497-A47A-519A2DE44ABA}
	EndGlobalSection
EndGlobal
